PODS:
  - Flutter (1.0.0)
  - flutter_barcode_scanner (0.1.7):
    - Flutter
  - shared_preferences (0.0.1):
    - Flutter

DEPENDENCIES:
  - Flutter (from `.symlinks/flutter/ios`)
  - flutter_barcode_scanner (from `.symlinks/plugins/flutter_barcode_scanner/ios`)
  - shared_preferences (from `.symlinks/plugins/shared_preferences/ios`)

EXTERNAL SOURCES:
  Flutter:
    :path: ".symlinks/flutter/ios"
  flutter_barcode_scanner:
    :path: ".symlinks/plugins/flutter_barcode_scanner/ios"
  shared_preferences:
    :path: ".symlinks/plugins/shared_preferences/ios"

SPEC CHECKSUMS:
  Flutter: 0e3d915762c693b495b44d77113d4970485de6ec
  flutter_barcode_scanner: c7d23c65b4866f5eaaa1cce1da8d2d1669b57800
  shared_preferences: 430726339841afefe5142b9c1f50cb6bd7793e01

PODFILE CHECKSUM: b05571f7f464f5ab3b9237a144577536fc1dd185

COCOAPODS: 1.8.4
